
Microsoft Visual Studio Solution File, Format Version 12.00
# Visual Studio Version 17
VisualStudioVersion = 17.2.32630.192
MinimumVisualStudioVersion = 10.0.40219.1
Project("{FAE04EC0-301F-11D3-BF4B-00C04F79EFBC}") = "eTicaret", "eTicaret\eTicaret.csproj", "{A0D868BB-EF02-4928-996E-540D33F8867B}"
EndProject
Global
	GlobalSection(SolutionConfigurationPlatforms) = preSolution
		Debug|Any CPU = Debug|Any CPU
		Release|Any CPU = Release|Any CPU
	EndGlobalSection
	GlobalSection(ProjectConfigurationPlatforms) = postSolution
		{A0D868BB-EF02-4928-996E-540D33F8867B}.Debug|Any CPU.ActiveCfg = Debug|Any CPU
		{A0D868BB-EF02-4928-996E-540D33F8867B}.Debug|Any CPU.Build.0 = Debug|Any CPU
		{A0D868BB-EF02-4928-996E-540D33F8867B}.Release|Any CPU.ActiveCfg = Release|Any CPU
		{A0D868BB-EF02-4928-996E-540D33F8867B}.Release|Any CPU.Build.0 = Release|Any CPU
	EndGlobalSection
	GlobalSection(SolutionProperties) = preSolution
		HideSolutionNode = FALSE
	EndGlobalSection
	GlobalSection(ExtensibilityGlobals) = postSolution
		SolutionGuid = {D97C9800-F8F7-4607-899D-3FED589A36C0}
	EndGlobalSection
EndGlobal
